
Microsoft Visual Studio Solution File, Format Version 12.00
# Visual Studio 15
VisualStudioVersion = 15.0.26124.0
MinimumVisualStudioVersion = 15.0.26124.0
Project("{FAE04EC0-301F-11D3-BF4B-00C04F79EFBC}") = "MaTran_src", "MaTran_src\MaTran_src.csproj", "{17445A60-EEDF-4A31-80E6-E1E76D511631}"
EndProject
Project("{FAE04EC0-301F-11D3-BF4B-00C04F79EFBC}") = "MaTran_test", "MaTran_test\MaTran_test.csproj", "{B3EC1C7D-3EC7-4CC4-BDF4-E90CE1D5248F}"
EndProject
Global
	GlobalSection(SolutionConfigurationPlatforms) = preSolution
		Debug|Any CPU = Debug|Any CPU
		Debug|x64 = Debug|x64
		Debug|x86 = Debug|x86
		Release|Any CPU = Release|Any CPU
		Release|x64 = Release|x64
		Release|x86 = Release|x86
	EndGlobalSection
	GlobalSection(SolutionProperties) = preSolution
		HideSolutionNode = FALSE
	EndGlobalSection
	GlobalSection(ProjectConfigurationPlatforms) = postSolution
		{17445A60-EEDF-4A31-80E6-E1E76D511631}.Debug|Any CPU.ActiveCfg = Debug|Any CPU
		{17445A60-EEDF-4A31-80E6-E1E76D511631}.Debug|Any CPU.Build.0 = Debug|Any CPU
		{17445A60-EEDF-4A31-80E6-E1E76D511631}.Debug|x64.ActiveCfg = Debug|Any CPU
		{17445A60-EEDF-4A31-80E6-E1E76D511631}.Debug|x64.Build.0 = Debug|Any CPU
		{17445A60-EEDF-4A31-80E6-E1E76D511631}.Debug|x86.ActiveCfg = Debug|Any CPU
		{17445A60-EEDF-4A31-80E6-E1E76D511631}.Debug|x86.Build.0 = Debug|Any CPU
		{17445A60-EEDF-4A31-80E6-E1E76D511631}.Release|Any CPU.ActiveCfg = Release|Any CPU
		{17445A60-EEDF-4A31-80E6-E1E76D511631}.Release|Any CPU.Build.0 = Release|Any CPU
		{17445A60-EEDF-4A31-80E6-E1E76D511631}.Release|x64.ActiveCfg = Release|Any CPU
		{17445A60-EEDF-4A31-80E6-E1E76D511631}.Release|x64.Build.0 = Release|Any CPU
		{17445A60-EEDF-4A31-80E6-E1E76D511631}.Release|x86.ActiveCfg = Release|Any CPU
		{17445A60-EEDF-4A31-80E6-E1E76D511631}.Release|x86.Build.0 = Release|Any CPU
		{B3EC1C7D-3EC7-4CC4-BDF4-E90CE1D5248F}.Debug|Any CPU.ActiveCfg = Debug|Any CPU
		{B3EC1C7D-3EC7-4CC4-BDF4-E90CE1D5248F}.Debug|Any CPU.Build.0 = Debug|Any CPU
		{B3EC1C7D-3EC7-4CC4-BDF4-E90CE1D5248F}.Debug|x64.ActiveCfg = Debug|Any CPU
		{B3EC1C7D-3EC7-4CC4-BDF4-E90CE1D5248F}.Debug|x64.Build.0 = Debug|Any CPU
		{B3EC1C7D-3EC7-4CC4-BDF4-E90CE1D5248F}.Debug|x86.ActiveCfg = Debug|Any CPU
		{B3EC1C7D-3EC7-4CC4-BDF4-E90CE1D5248F}.Debug|x86.Build.0 = Debug|Any CPU
		{B3EC1C7D-3EC7-4CC4-BDF4-E90CE1D5248F}.Release|Any CPU.ActiveCfg = Release|Any CPU
		{B3EC1C7D-3EC7-4CC4-BDF4-E90CE1D5248F}.Release|Any CPU.Build.0 = Release|Any CPU
		{B3EC1C7D-3EC7-4CC4-BDF4-E90CE1D5248F}.Release|x64.ActiveCfg = Release|Any CPU
		{B3EC1C7D-3EC7-4CC4-BDF4-E90CE1D5248F}.Release|x64.Build.0 = Release|Any CPU
		{B3EC1C7D-3EC7-4CC4-BDF4-E90CE1D5248F}.Release|x86.ActiveCfg = Release|Any CPU
		{B3EC1C7D-3EC7-4CC4-BDF4-E90CE1D5248F}.Release|x86.Build.0 = Release|Any CPU
	EndGlobalSection
EndGlobal
