
Microsoft Visual Studio Solution File, Format Version 12.00
# Visual Studio Version 16
VisualStudioVersion = 16.0.30002.166
MinimumVisualStudioVersion = 10.0.40219.1
Project("{FAE04EC0-301F-11D3-BF4B-00C04F79EFBC}") = "KiemTra_2_Stack", "KiemTra_2_Stack.csproj", "{2B5E2478-2D23-4141-BFB5-C7A63D5DD279}"
EndProject
Global
	GlobalSection(SolutionConfigurationPlatforms) = preSolution
		Debug|Any CPU = Debug|Any CPU
		Release|Any CPU = Release|Any CPU
	EndGlobalSection
	GlobalSection(ProjectConfigurationPlatforms) = postSolution
		{2B5E2478-2D23-4141-BFB5-C7A63D5DD279}.Debug|Any CPU.ActiveCfg = Debug|Any CPU
		{2B5E2478-2D23-4141-BFB5-C7A63D5DD279}.Debug|Any CPU.Build.0 = Debug|Any CPU
		{2B5E2478-2D23-4141-BFB5-C7A63D5DD279}.Release|Any CPU.ActiveCfg = Release|Any CPU
		{2B5E2478-2D23-4141-BFB5-C7A63D5DD279}.Release|Any CPU.Build.0 = Release|Any CPU
	EndGlobalSection
	GlobalSection(SolutionProperties) = preSolution
		HideSolutionNode = FALSE
	EndGlobalSection
	GlobalSection(ExtensibilityGlobals) = postSolution
		SolutionGuid = {D44C1C02-5D22-4F96-96A5-1E60B86CEB6C}
	EndGlobalSection
EndGlobal
