
Microsoft Visual Studio Solution File, Format Version 12.00
# Visual Studio Version 16
VisualStudioVersion = 16.0.30002.166
MinimumVisualStudioVersion = 10.0.40219.1
Project("{FAE04EC0-301F-11D3-BF4B-00C04F79EFBC}") = "La09_QuanLySinhVien", "La09_QuanLySinhVien.csproj", "{913F1576-4BBD-4A84-AF6F-79F725EE93BD}"
EndProject
Global
	GlobalSection(SolutionConfigurationPlatforms) = preSolution
		Debug|Any CPU = Debug|Any CPU
		Release|Any CPU = Release|Any CPU
	EndGlobalSection
	GlobalSection(ProjectConfigurationPlatforms) = postSolution
		{913F1576-4BBD-4A84-AF6F-79F725EE93BD}.Debug|Any CPU.ActiveCfg = Debug|Any CPU
		{913F1576-4BBD-4A84-AF6F-79F725EE93BD}.Debug|Any CPU.Build.0 = Debug|Any CPU
		{913F1576-4BBD-4A84-AF6F-79F725EE93BD}.Release|Any CPU.ActiveCfg = Release|Any CPU
		{913F1576-4BBD-4A84-AF6F-79F725EE93BD}.Release|Any CPU.Build.0 = Release|Any CPU
	EndGlobalSection
	GlobalSection(SolutionProperties) = preSolution
		HideSolutionNode = FALSE
	EndGlobalSection
	GlobalSection(ExtensibilityGlobals) = postSolution
		SolutionGuid = {FE293B81-49E6-44B7-9D31-07A2FD924851}
	EndGlobalSection
EndGlobal
